
Microsoft Visual Studio Solution File, Format Version 12.00
# Visual Studio Version 16
VisualStudioVersion = 16.0.31402.337
MinimumVisualStudioVersion = 10.0.40219.1
Project("{FAE04EC0-301F-11D3-BF4B-00C04F79EFBC}") = "Passport_MRZ", "Passport_MRZ\Passport_MRZ.csproj", "{DCCDDC8D-4526-47BE-B692-3C85FE3E01F2}"
EndProject
Global
	GlobalSection(SolutionConfigurationPlatforms) = preSolution
		Debug|Any CPU = Debug|Any CPU
		Release|Any CPU = Release|Any CPU
	EndGlobalSection
	GlobalSection(ProjectConfigurationPlatforms) = postSolution
		{DCCDDC8D-4526-47BE-B692-3C85FE3E01F2}.Debug|Any CPU.ActiveCfg = Debug|Any CPU
		{DCCDDC8D-4526-47BE-B692-3C85FE3E01F2}.Debug|Any CPU.Build.0 = Debug|Any CPU
		{DCCDDC8D-4526-47BE-B692-3C85FE3E01F2}.Release|Any CPU.ActiveCfg = Release|Any CPU
		{DCCDDC8D-4526-47BE-B692-3C85FE3E01F2}.Release|Any CPU.Build.0 = Release|Any CPU
	EndGlobalSection
	GlobalSection(SolutionProperties) = preSolution
		HideSolutionNode = FALSE
	EndGlobalSection
	GlobalSection(ExtensibilityGlobals) = postSolution
		SolutionGuid = {914EC446-53F5-4040-BFFC-2124A865631E}
	EndGlobalSection
EndGlobal
